
Microsoft Visual Studio Solution File, Format Version 12.00
# Visual Studio 15
VisualStudioVersion = 15.0.25807.0
MinimumVisualStudioVersion = 10.0.40219.1
Project("{2150E333-8FDC-42A3-9474-1A3956D46DE8}") = "Engine", "Engine", "{0FC6C120-4A1A-45F8-82B2-669577926A8D}"
EndProject
Project("{2150E333-8FDC-42A3-9474-1A3956D46DE8}") = "Enterprise", "Enterprise", "{4D9F74CE-BF3E-4244-B967-628CF2B95539}"
EndProject
Project("{2150E333-8FDC-42A3-9474-1A3956D46DE8}") = "Games", "Games", "{1BE1DDC7-638E-4CD4-BAA6-145331E037D1}"
EndProject
Project("{8BC9CEB8-8B4A-11D0-8D11-00A0C91BC942}") = "UE4", "Intermediate\ProjectFiles\UE4.vcxproj", "{148B0DFA-6A35-4DFC-8D3D-9D924BC42C8A}"
EndProject
Project("{8BC9CEB8-8B4A-11D0-8D11-00A0C91BC942}") = "Studio", "Intermediate\ProjectFiles\Studio.vcxproj", "{85E4922F-BE76-48D6-9D7D-1637AD14705D}"
EndProject
Project("{8BC9CEB8-8B4A-11D0-8D11-00A0C91BC942}") = "Studio2ProjectT3", "Intermediate\ProjectFiles\Studio2ProjectT3.vcxproj", "{0DB5278C-B31F-4281-BED8-306F9B051A83}"
EndProject
Global
	GlobalSection(SolutionConfigurationPlatforms) = preSolution
		DebugGame Editor|HTML5 = DebugGame Editor|HTML5
		DebugGame Editor|Win32 = DebugGame Editor|Win32
		DebugGame Editor|Win64 = DebugGame Editor|Win64
		DebugGame|HTML5 = DebugGame|HTML5
		DebugGame|Win32 = DebugGame|Win32
		DebugGame|Win64 = DebugGame|Win64
		Development Editor|HTML5 = Development Editor|HTML5
		Development Editor|Win32 = Development Editor|Win32
		Development Editor|Win64 = Development Editor|Win64
		Development|HTML5 = Development|HTML5
		Development|Win32 = Development|Win32
		Development|Win64 = Development|Win64
		Shipping|HTML5 = Shipping|HTML5
		Shipping|Win32 = Shipping|Win32
		Shipping|Win64 = Shipping|Win64
	EndGlobalSection
	GlobalSection(ProjectConfigurationPlatforms) = postSolution
		{148B0DFA-6A35-4DFC-8D3D-9D924BC42C8A}.DebugGame Editor|HTML5.ActiveCfg = BuiltWithUnrealBuildTool|Win32
		{148B0DFA-6A35-4DFC-8D3D-9D924BC42C8A}.DebugGame Editor|HTML5.Build.0 = BuiltWithUnrealBuildTool|Win32
		{148B0DFA-6A35-4DFC-8D3D-9D924BC42C8A}.DebugGame Editor|Win32.ActiveCfg = BuiltWithUnrealBuildTool|Win32
		{148B0DFA-6A35-4DFC-8D3D-9D924BC42C8A}.DebugGame Editor|Win32.Build.0 = BuiltWithUnrealBuildTool|Win32
		{148B0DFA-6A35-4DFC-8D3D-9D924BC42C8A}.DebugGame Editor|Win64.ActiveCfg = BuiltWithUnrealBuildTool|Win32
		{148B0DFA-6A35-4DFC-8D3D-9D924BC42C8A}.DebugGame Editor|Win64.Build.0 = BuiltWithUnrealBuildTool|Win32
		{148B0DFA-6A35-4DFC-8D3D-9D924BC42C8A}.DebugGame|HTML5.ActiveCfg = BuiltWithUnrealBuildTool|Win32
		{148B0DFA-6A35-4DFC-8D3D-9D924BC42C8A}.DebugGame|HTML5.Build.0 = BuiltWithUnrealBuildTool|Win32
		{148B0DFA-6A35-4DFC-8D3D-9D924BC42C8A}.DebugGame|Win32.ActiveCfg = BuiltWithUnrealBuildTool|Win32
		{148B0DFA-6A35-4DFC-8D3D-9D924BC42C8A}.DebugGame|Win32.Build.0 = BuiltWithUnrealBuildTool|Win32
		{148B0DFA-6A35-4DFC-8D3D-9D924BC42C8A}.DebugGame|Win64.ActiveCfg = BuiltWithUnrealBuildTool|Win32
		{148B0DFA-6A35-4DFC-8D3D-9D924BC42C8A}.DebugGame|Win64.Build.0 = BuiltWithUnrealBuildTool|Win32
		{148B0DFA-6A35-4DFC-8D3D-9D924BC42C8A}.Development Editor|HTML5.ActiveCfg = BuiltWithUnrealBuildTool|Win32
		{148B0DFA-6A35-4DFC-8D3D-9D924BC42C8A}.Development Editor|HTML5.Build.0 = BuiltWithUnrealBuildTool|Win32
		{148B0DFA-6A35-4DFC-8D3D-9D924BC42C8A}.Development Editor|Win32.ActiveCfg = BuiltWithUnrealBuildTool|Win32
		{148B0DFA-6A35-4DFC-8D3D-9D924BC42C8A}.Development Editor|Win32.Build.0 = BuiltWithUnrealBuildTool|Win32
		{148B0DFA-6A35-4DFC-8D3D-9D924BC42C8A}.Development Editor|Win64.ActiveCfg = BuiltWithUnrealBuildTool|Win32
		{148B0DFA-6A35-4DFC-8D3D-9D924BC42C8A}.Development Editor|Win64.Build.0 = BuiltWithUnrealBuildTool|Win32
		{148B0DFA-6A35-4DFC-8D3D-9D924BC42C8A}.Development|HTML5.ActiveCfg = BuiltWithUnrealBuildTool|Win32
		{148B0DFA-6A35-4DFC-8D3D-9D924BC42C8A}.Development|HTML5.Build.0 = BuiltWithUnrealBuildTool|Win32
		{148B0DFA-6A35-4DFC-8D3D-9D924BC42C8A}.Development|Win32.ActiveCfg = BuiltWithUnrealBuildTool|Win32
		{148B0DFA-6A35-4DFC-8D3D-9D924BC42C8A}.Development|Win32.Build.0 = BuiltWithUnrealBuildTool|Win32
		{148B0DFA-6A35-4DFC-8D3D-9D924BC42C8A}.Development|Win64.ActiveCfg = BuiltWithUnrealBuildTool|Win32
		{148B0DFA-6A35-4DFC-8D3D-9D924BC42C8A}.Development|Win64.Build.0 = BuiltWithUnrealBuildTool|Win32
		{148B0DFA-6A35-4DFC-8D3D-9D924BC42C8A}.Shipping|HTML5.ActiveCfg = BuiltWithUnrealBuildTool|Win32
		{148B0DFA-6A35-4DFC-8D3D-9D924BC42C8A}.Shipping|HTML5.Build.0 = BuiltWithUnrealBuildTool|Win32
		{148B0DFA-6A35-4DFC-8D3D-9D924BC42C8A}.Shipping|Win32.ActiveCfg = BuiltWithUnrealBuildTool|Win32
		{148B0DFA-6A35-4DFC-8D3D-9D924BC42C8A}.Shipping|Win32.Build.0 = BuiltWithUnrealBuildTool|Win32
		{148B0DFA-6A35-4DFC-8D3D-9D924BC42C8A}.Shipping|Win64.ActiveCfg = BuiltWithUnrealBuildTool|Win32
		{148B0DFA-6A35-4DFC-8D3D-9D924BC42C8A}.Shipping|Win64.Build.0 = BuiltWithUnrealBuildTool|Win32
		{85E4922F-BE76-48D6-9D7D-1637AD14705D}.DebugGame Editor|HTML5.ActiveCfg = BuiltWithUnrealBuildTool|Win32
		{85E4922F-BE76-48D6-9D7D-1637AD14705D}.DebugGame Editor|HTML5.Build.0 = BuiltWithUnrealBuildTool|Win32
		{85E4922F-BE76-48D6-9D7D-1637AD14705D}.DebugGame Editor|Win32.ActiveCfg = BuiltWithUnrealBuildTool|Win32
		{85E4922F-BE76-48D6-9D7D-1637AD14705D}.DebugGame Editor|Win32.Build.0 = BuiltWithUnrealBuildTool|Win32
		{85E4922F-BE76-48D6-9D7D-1637AD14705D}.DebugGame Editor|Win64.ActiveCfg = BuiltWithUnrealBuildTool|Win32
		{85E4922F-BE76-48D6-9D7D-1637AD14705D}.DebugGame Editor|Win64.Build.0 = BuiltWithUnrealBuildTool|Win32
		{85E4922F-BE76-48D6-9D7D-1637AD14705D}.DebugGame|HTML5.ActiveCfg = BuiltWithUnrealBuildTool|Win32
		{85E4922F-BE76-48D6-9D7D-1637AD14705D}.DebugGame|HTML5.Build.0 = BuiltWithUnrealBuildTool|Win32
		{85E4922F-BE76-48D6-9D7D-1637AD14705D}.DebugGame|Win32.ActiveCfg = BuiltWithUnrealBuildTool|Win32
		{85E4922F-BE76-48D6-9D7D-1637AD14705D}.DebugGame|Win32.Build.0 = BuiltWithUnrealBuildTool|Win32
		{85E4922F-BE76-48D6-9D7D-1637AD14705D}.DebugGame|Win64.ActiveCfg = BuiltWithUnrealBuildTool|Win32
		{85E4922F-BE76-48D6-9D7D-1637AD14705D}.DebugGame|Win64.Build.0 = BuiltWithUnrealBuildTool|Win32
		{85E4922F-BE76-48D6-9D7D-1637AD14705D}.Development Editor|HTML5.ActiveCfg = BuiltWithUnrealBuildTool|Win32
		{85E4922F-BE76-48D6-9D7D-1637AD14705D}.Development Editor|HTML5.Build.0 = BuiltWithUnrealBuildTool|Win32
		{85E4922F-BE76-48D6-9D7D-1637AD14705D}.Development Editor|Win32.ActiveCfg = BuiltWithUnrealBuildTool|Win32
		{85E4922F-BE76-48D6-9D7D-1637AD14705D}.Development Editor|Win32.Build.0 = BuiltWithUnrealBuildTool|Win32
		{85E4922F-BE76-48D6-9D7D-1637AD14705D}.Development Editor|Win64.ActiveCfg = BuiltWithUnrealBuildTool|Win32
		{85E4922F-BE76-48D6-9D7D-1637AD14705D}.Development Editor|Win64.Build.0 = BuiltWithUnrealBuildTool|Win32
		{85E4922F-BE76-48D6-9D7D-1637AD14705D}.Development|HTML5.ActiveCfg = BuiltWithUnrealBuildTool|Win32
		{85E4922F-BE76-48D6-9D7D-1637AD14705D}.Development|HTML5.Build.0 = BuiltWithUnrealBuildTool|Win32
		{85E4922F-BE76-48D6-9D7D-1637AD14705D}.Development|Win32.ActiveCfg = BuiltWithUnrealBuildTool|Win32
		{85E4922F-BE76-48D6-9D7D-1637AD14705D}.Development|Win32.Build.0 = BuiltWithUnrealBuildTool|Win32
		{85E4922F-BE76-48D6-9D7D-1637AD14705D}.Development|Win64.ActiveCfg = BuiltWithUnrealBuildTool|Win32
		{85E4922F-BE76-48D6-9D7D-1637AD14705D}.Development|Win64.Build.0 = BuiltWithUnrealBuildTool|Win32
		{85E4922F-BE76-48D6-9D7D-1637AD14705D}.Shipping|HTML5.ActiveCfg = BuiltWithUnrealBuildTool|Win32
		{85E4922F-BE76-48D6-9D7D-1637AD14705D}.Shipping|HTML5.Build.0 = BuiltWithUnrealBuildTool|Win32
		{85E4922F-BE76-48D6-9D7D-1637AD14705D}.Shipping|Win32.ActiveCfg = BuiltWithUnrealBuildTool|Win32
		{85E4922F-BE76-48D6-9D7D-1637AD14705D}.Shipping|Win32.Build.0 = BuiltWithUnrealBuildTool|Win32
		{85E4922F-BE76-48D6-9D7D-1637AD14705D}.Shipping|Win64.ActiveCfg = BuiltWithUnrealBuildTool|Win32
		{85E4922F-BE76-48D6-9D7D-1637AD14705D}.Shipping|Win64.Build.0 = BuiltWithUnrealBuildTool|Win32
		{0DB5278C-B31F-4281-BED8-306F9B051A83}.DebugGame Editor|HTML5.ActiveCfg = HTML5_DebugGame_Editor|Win32
		{0DB5278C-B31F-4281-BED8-306F9B051A83}.DebugGame Editor|Win32.ActiveCfg = DebugGame_Editor|Win32
		{0DB5278C-B31F-4281-BED8-306F9B051A83}.DebugGame Editor|Win64.ActiveCfg = DebugGame_Editor|x64
		{0DB5278C-B31F-4281-BED8-306F9B051A83}.DebugGame Editor|Win64.Build.0 = DebugGame_Editor|x64
		{0DB5278C-B31F-4281-BED8-306F9B051A83}.DebugGame|HTML5.ActiveCfg = HTML5_DebugGame_Game|Win32
		{0DB5278C-B31F-4281-BED8-306F9B051A83}.DebugGame|HTML5.Build.0 = HTML5_DebugGame_Game|Win32
		{0DB5278C-B31F-4281-BED8-306F9B051A83}.DebugGame|Win32.ActiveCfg = DebugGame_Game|Win32
		{0DB5278C-B31F-4281-BED8-306F9B051A83}.DebugGame|Win32.Build.0 = DebugGame_Game|Win32
		{0DB5278C-B31F-4281-BED8-306F9B051A83}.DebugGame|Win64.ActiveCfg = DebugGame_Game|x64
		{0DB5278C-B31F-4281-BED8-306F9B051A83}.DebugGame|Win64.Build.0 = DebugGame_Game|x64
		{0DB5278C-B31F-4281-BED8-306F9B051A83}.Development Editor|HTML5.ActiveCfg = HTML5_Development_Editor|Win32
		{0DB5278C-B31F-4281-BED8-306F9B051A83}.Development Editor|Win32.ActiveCfg = Development_Editor|Win32
		{0DB5278C-B31F-4281-BED8-306F9B051A83}.Development Editor|Win64.ActiveCfg = Development_Editor|x64
		{0DB5278C-B31F-4281-BED8-306F9B051A83}.Development Editor|Win64.Build.0 = Development_Editor|x64
		{0DB5278C-B31F-4281-BED8-306F9B051A83}.Development|HTML5.ActiveCfg = HTML5_Development_Game|Win32
		{0DB5278C-B31F-4281-BED8-306F9B051A83}.Development|HTML5.Build.0 = HTML5_Development_Game|Win32
		{0DB5278C-B31F-4281-BED8-306F9B051A83}.Development|Win32.ActiveCfg = Development_Game|Win32
		{0DB5278C-B31F-4281-BED8-306F9B051A83}.Development|Win32.Build.0 = Development_Game|Win32
		{0DB5278C-B31F-4281-BED8-306F9B051A83}.Development|Win64.ActiveCfg = Development_Game|x64
		{0DB5278C-B31F-4281-BED8-306F9B051A83}.Development|Win64.Build.0 = Development_Game|x64
		{0DB5278C-B31F-4281-BED8-306F9B051A83}.Shipping|HTML5.ActiveCfg = HTML5_Shipping_Game|Win32
		{0DB5278C-B31F-4281-BED8-306F9B051A83}.Shipping|HTML5.Build.0 = HTML5_Shipping_Game|Win32
		{0DB5278C-B31F-4281-BED8-306F9B051A83}.Shipping|Win32.ActiveCfg = Shipping_Game|Win32
		{0DB5278C-B31F-4281-BED8-306F9B051A83}.Shipping|Win32.Build.0 = Shipping_Game|Win32
		{0DB5278C-B31F-4281-BED8-306F9B051A83}.Shipping|Win64.ActiveCfg = Shipping_Game|x64
		{0DB5278C-B31F-4281-BED8-306F9B051A83}.Shipping|Win64.Build.0 = Shipping_Game|x64
	EndGlobalSection
	GlobalSection(SolutionProperties) = preSolution
		HideSolutionNode = FALSE
	EndGlobalSection
	GlobalSection(NestedProjects) = preSolution
		{148B0DFA-6A35-4DFC-8D3D-9D924BC42C8A} = {0FC6C120-4A1A-45F8-82B2-669577926A8D}
		{85E4922F-BE76-48D6-9D7D-1637AD14705D} = {4D9F74CE-BF3E-4244-B967-628CF2B95539}
		{0DB5278C-B31F-4281-BED8-306F9B051A83} = {1BE1DDC7-638E-4CD4-BAA6-145331E037D1}
	EndGlobalSection
	GlobalSection(ExtensibilityGlobals) = postSolution
		SolutionGuid = {9C0C339E-A097-42E7-A648-0FF05DD79256}
	EndGlobalSection
EndGlobal
